
Microsoft Visual Studio Solution File, Format Version 12.00
# Visual Studio Version 17
VisualStudioVersion = 17.11.35312.102
MinimumVisualStudioVersion = 10.0.40219.1
Project("{FAE04EC0-301F-11D3-BF4B-00C04F79EFBC}") = "lesson2_1", "lesson2_1\lesson2_1.csproj", "{EC676BB2-2B07-46B3-BC10-5B2A9DB26C67}"
EndProject
Global
	GlobalSection(SolutionConfigurationPlatforms) = preSolution
		Debug|Any CPU = Debug|Any CPU
		Release|Any CPU = Release|Any CPU
	EndGlobalSection
	GlobalSection(ProjectConfigurationPlatforms) = postSolution
		{EC676BB2-2B07-46B3-BC10-5B2A9DB26C67}.Debug|Any CPU.ActiveCfg = Debug|Any CPU
		{EC676BB2-2B07-46B3-BC10-5B2A9DB26C67}.Debug|Any CPU.Build.0 = Debug|Any CPU
		{EC676BB2-2B07-46B3-BC10-5B2A9DB26C67}.Release|Any CPU.ActiveCfg = Release|Any CPU
		{EC676BB2-2B07-46B3-BC10-5B2A9DB26C67}.Release|Any CPU.Build.0 = Release|Any CPU
	EndGlobalSection
	GlobalSection(SolutionProperties) = preSolution
		HideSolutionNode = FALSE
	EndGlobalSection
	GlobalSection(ExtensibilityGlobals) = postSolution
		SolutionGuid = {A45FD888-FFCA-408C-B73B-7D8B73B6F7BB}
	EndGlobalSection
EndGlobal
